
Microsoft Visual Studio Solution File, Format Version 12.00
# Visual Studio Version 16
VisualStudioVersion = 16.0.29911.84
MinimumVisualStudioVersion = 10.0.40219.1
Project("{9A19103F-16F7-4668-BE54-9A1E7A4F7556}") = "SQLVehicles", "VozilaApp\SQLVehicles.csproj", "{0E7C387F-C3FF-4746-A730-8D97EAC1AD73}"
EndProject
Global
	GlobalSection(SolutionConfigurationPlatforms) = preSolution
		Debug|Any CPU = Debug|Any CPU
		Release|Any CPU = Release|Any CPU
	EndGlobalSection
	GlobalSection(ProjectConfigurationPlatforms) = postSolution
		{0E7C387F-C3FF-4746-A730-8D97EAC1AD73}.Debug|Any CPU.ActiveCfg = Debug|Any CPU
		{0E7C387F-C3FF-4746-A730-8D97EAC1AD73}.Debug|Any CPU.Build.0 = Debug|Any CPU
		{0E7C387F-C3FF-4746-A730-8D97EAC1AD73}.Release|Any CPU.ActiveCfg = Release|Any CPU
		{0E7C387F-C3FF-4746-A730-8D97EAC1AD73}.Release|Any CPU.Build.0 = Release|Any CPU
	EndGlobalSection
	GlobalSection(SolutionProperties) = preSolution
		HideSolutionNode = FALSE
	EndGlobalSection
	GlobalSection(ExtensibilityGlobals) = postSolution
		SolutionGuid = {EB58C73D-61F4-425B-AF7C-7578A8CF5C4D}
	EndGlobalSection
EndGlobal
